<?xml version="1.0" encoding="utf-8"?>
<Project ToolsVersion="4.0" xmlns="http://schemas.microsoft.com/developer/msbuild/2003">
  <ItemGroup>
    <Filter Include="Core Source">
      <UniqueIdentifier>{9c770772-e8b4-4b30-9f4f-20248c1fd191}</UniqueIdentifier>
    </Filter>
    <Filter Include="Core Headers">
      <UniqueIdentifier>{17739f7c-7af0-482b-91f5-196d3e0a5e3c}</UniqueIdentifier>
    </Filter>
    <Filter Include="Game Source">
      <UniqueIdentifier>{4FC737F1-C7A5-4376-A066-2A32D752A2FF}</UniqueIdentifier>
      <Extensions>cpp;c;cxx;def;odl;idl;hpj;bat;asm;asmx</Extensions>
    </Filter>
    <Filter Include="Game Headers">
      <UniqueIdentifier>{93995380-89BD-4b04-88EB-625FBE52EBFB}</UniqueIdentifier>
      <Extensions>h;hpp;hxx;hm;inl;inc;xsd</Extensions>
    </Filter>
    <Filter Include="Game Inline">
      <UniqueIdentifier>{0a0266d0-33e8-41c2-bae4-f5c4d5881955}</UniqueIdentifier>
    </Filter>
    <Filter Include="lua_interface">
      <UniqueIdentifier>{75e849d0-63f1-4766-b697-94fe28e86d6a}</UniqueIdentifier>
    </Filter>
    <Filter Include="SDL extensions">
      <UniqueIdentifier>{f8e0b096-3a9d-4f41-bc44-6600b39be5da}</UniqueIdentifier>
    </Filter>
    <Filter Include="OpenGL extensions">
      <UniqueIdentifier>{7e3059fd-2535-4557-97e4-14ce7ecc2cbc}</UniqueIdentifier>
    </Filter>
    <Filter Include="File System">
      <UniqueIdentifier>{f5078cf4-d3a8-478a-b947-297a549fa6ba}</UniqueIdentifier>
    </Filter>
    <Filter Include="file formats">
      <UniqueIdentifier>{c3f64ae4-2ce3-4d85-88ac-1ddffbcfd9fb}</UniqueIdentifier>
    </Filter>
    <Filter Include="file formats\tris.md2">
      <UniqueIdentifier>{1bf6271b-06e5-4d24-a237-04d9a9f3e64c}</UniqueIdentifier>
    </Filter>
    <Filter Include="file formats\level.mpd">
      <UniqueIdentifier>{7d826de1-8d3b-4ce6-8991-8dfc29705ac1}</UniqueIdentifier>
    </Filter>
    <Filter Include="file formats\menu.txt">
      <UniqueIdentifier>{0954f824-f93f-4c2f-913f-a525ce20124e}</UniqueIdentifier>
    </Filter>
    <Filter Include="file formats\naming.txt">
      <UniqueIdentifier>{5b50434a-39de-4f82-95bc-5a52154afa01}</UniqueIdentifier>
    </Filter>
    <Filter Include="file formats\data.txt">
      <UniqueIdentifier>{cf428753-a479-4ccb-b916-75a151918401}</UniqueIdentifier>
    </Filter>
    <Filter Include="file formats\enchant.txt">
      <UniqueIdentifier>{2271e27f-bebb-4ec9-882a-c751c6ce01d4}</UniqueIdentifier>
    </Filter>
    <Filter Include="file formats\partX.txt">
      <UniqueIdentifier>{31d335f8-1095-4593-b3fd-66edb98e0cbe}</UniqueIdentifier>
    </Filter>
    <Filter Include="file formats\passage.txt">
      <UniqueIdentifier>{77ba249e-2623-4b2a-ad75-d44d2e3d96ea}</UniqueIdentifier>
    </Filter>
    <Filter Include="file formats\controls.txt">
      <UniqueIdentifier>{00d9dcf8-8347-4e13-b814-b80c15b5990c}</UniqueIdentifier>
    </Filter>
    <Filter Include="file formats\quest.txt">
      <UniqueIdentifier>{f980b09c-e241-4373-b1c6-a1f4a02d273a}</UniqueIdentifier>
    </Filter>
    <Filter Include="file formats\template">
      <UniqueIdentifier>{e1ef918a-eb86-4a65-bd09-777ccfb35960}</UniqueIdentifier>
    </Filter>
    <Filter Include="file formats\settings.txt">
      <UniqueIdentifier>{74a5c435-c46d-47f8-bc3d-9e81ed935cbc}</UniqueIdentifier>
    </Filter>
    <Filter Include="file formats\wawalite.txt">
      <UniqueIdentifier>{95b28df6-ee77-4cb4-9ed5-a2dfdc0065d8}</UniqueIdentifier>
    </Filter>
    <Filter Include="file formats\spawn.txt">
      <UniqueIdentifier>{637293c0-9b60-4888-b932-43cc9a13d709}</UniqueIdentifier>
    </Filter>
    <Filter Include="file formats\scancodes.txt">
      <UniqueIdentifier>{d475038f-6cb4-4347-a35e-1ce15e4de133}</UniqueIdentifier>
    </Filter>
    <Filter Include="scripting system">
      <UniqueIdentifier>{5527e361-a036-42e8-9e62-611629a1cd4a}</UniqueIdentifier>
    </Filter>
    <Filter Include="doxygen">
      <UniqueIdentifier>{260c4b6b-99ab-4084-8c0b-d1e6e615b07f}</UniqueIdentifier>
    </Filter>
    <Filter Include="Inspirational">
      <UniqueIdentifier>{b15855fc-c1fb-4312-81ff-3aea6f132aea}</UniqueIdentifier>
    </Filter>
    <Filter Include="Resource Files">
      <UniqueIdentifier>{d5d589dd-3570-4136-bd67-bedd51e4c6b4}</UniqueIdentifier>
    </Filter>
    <Filter Include="Core Inline">
      <UniqueIdentifier>{93d6d742-1633-494c-830c-0caa822bb76d}</UniqueIdentifier>
    </Filter>
    <Filter Include="Platform Dependent">
      <UniqueIdentifier>{63c6c54e-5790-46ee-bf18-bb836ade3d1d}</UniqueIdentifier>
    </Filter>
    <Filter Include="basicdat init files">
      <UniqueIdentifier>{77816f42-4b8e-430a-981e-6a42c996e1e6}</UniqueIdentifier>
    </Filter>
    <Filter Include="mmgr">
      <UniqueIdentifier>{8e333c63-136d-423e-b16c-4c0840f5c9db}</UniqueIdentifier>
    </Filter>
    <Filter Include="file formats\randomtreasure.txt">
      <UniqueIdentifier>{e574b7bc-f460-4311-8ecb-83c56f246c59}</UniqueIdentifier>
    </Filter>
  </ItemGroup>
  <ItemGroup>
    <ClCompile Include="bbox.cpp">
      <Filter>Core Source</Filter>
    </ClCompile>
    <ClCompile Include="bsp.cpp">
      <Filter>Core Source</Filter>
    </ClCompile>
    <ClCompile Include="clock.c">
      <Filter>Core Source</Filter>
    </ClCompile>
    <ClCompile Include="egoboo_display_list.cpp">
      <Filter>Core Source</Filter>
    </ClCompile>
    <ClCompile Include="egoboo_endian.c">
      <Filter>Core Source</Filter>
    </ClCompile>
    <ClCompile Include="egoboo_fileutil.c">
      <Filter>Core Source</Filter>
    </ClCompile>
    <ClCompile Include="egoboo_math.c">
      <Filter>Core Source</Filter>
    </ClCompile>
    <ClCompile Include="egoboo_object.cpp">
      <Filter>Core Source</Filter>
    </ClCompile>
    <ClCompile Include="egoboo_process.cpp">
      <Filter>Core Source</Filter>
    </ClCompile>
    <ClCompile Include="egoboo_setup.c">
      <Filter>Core Source</Filter>
    </ClCompile>
    <ClCompile Include="egoboo_strutil.c">
      <Filter>Core Source</Filter>
    </ClCompile>
    <ClCompile Include="egoboo_typedef.cpp">
      <Filter>Core Source</Filter>
    </ClCompile>
    <ClCompile Include="font_bmp.cpp">
      <Filter>Core Source</Filter>
    </ClCompile>
    <ClCompile Include="font_ttf.cpp">
      <Filter>Core Source</Filter>
    </ClCompile>
    <ClCompile Include="hash.cpp">
      <Filter>Core Source</Filter>
    </ClCompile>
    <ClCompile Include="input.cpp">
      <Filter>Core Source</Filter>
    </ClCompile>
    <ClCompile Include="log.c">
      <Filter>Core Source</Filter>
    </ClCompile>
    <ClCompile Include="camera.cpp">
      <Filter>Game Source</Filter>
    </ClCompile>
    <ClCompile Include="char.cpp">
      <Filter>Game Source</Filter>
    </ClCompile>
    <ClCompile Include="ChrList.cpp">
      <Filter>Game Source</Filter>
    </ClCompile>
    <ClCompile Include="client.cpp">
      <Filter>Game Source</Filter>
    </ClCompile>
    <ClCompile Include="collision.cpp">
      <Filter>Game Source</Filter>
    </ClCompile>
    <ClCompile Include="egoboo.cpp">
      <Filter>Game Source</Filter>
    </ClCompile>
    <ClCompile Include="egoboo_object_list.cpp">
      <Filter>Game Source</Filter>
    </ClCompile>
    <ClCompile Include="egoboo_rpc.cpp">
      <Filter>Game Source</Filter>
    </ClCompile>
    <ClCompile Include="enchant.cpp">
      <Filter>Game Source</Filter>
    </ClCompile>
    <ClCompile Include="EncList.cpp">
      <Filter>Game Source</Filter>
    </ClCompile>
    <ClCompile Include="game.cpp">
      <Filter>Game Source</Filter>
    </ClCompile>
    <ClCompile Include="graphic.cpp">
      <Filter>Game Source</Filter>
    </ClCompile>
    <ClCompile Include="graphic_fan.cpp">
      <Filter>Game Source</Filter>
    </ClCompile>
    <ClCompile Include="graphic_mad.cpp">
      <Filter>Game Source</Filter>
    </ClCompile>
    <ClCompile Include="graphic_prt.cpp">
      <Filter>Game Source</Filter>
    </ClCompile>
    <ClCompile Include="IDSZ_map.c">
      <Filter>Game Source</Filter>
    </ClCompile>
    <ClCompile Include="lighting.cpp">
      <Filter>Game Source</Filter>
    </ClCompile>
    <ClCompile Include="link.cpp">
      <Filter>Game Source</Filter>
    </ClCompile>
    <ClCompile Include="mad.cpp">
      <Filter>Game Source</Filter>
    </ClCompile>
    <ClCompile Include="Md2.cpp">
      <Filter>Game Source</Filter>
    </ClCompile>
    <ClCompile Include="menu.cpp">
      <Filter>Game Source</Filter>
    </ClCompile>
    <ClCompile Include="mesh.cpp">
      <Filter>Game Source</Filter>
    </ClCompile>
    <ClCompile Include="mesh_BSP.cpp">
      <Filter>Game Source</Filter>
    </ClCompile>
    <ClCompile Include="network.cpp">
      <Filter>Game Source</Filter>
    </ClCompile>
    <ClCompile Include="object_BSP.cpp">
      <Filter>Game Source</Filter>
    </ClCompile>
    <ClCompile Include="particle.cpp">
      <Filter>Game Source</Filter>
    </ClCompile>
    <ClCompile Include="passage.cpp">
      <Filter>Game Source</Filter>
    </ClCompile>
    <ClCompile Include="physics.cpp">
      <Filter>Game Source</Filter>
    </ClCompile>
    <ClCompile Include="profile.cpp">
      <Filter>Game Source</Filter>
    </ClCompile>
    <ClCompile Include="PrtList.cpp">
      <Filter>Game Source</Filter>
    </ClCompile>
    <ClCompile Include="server.cpp">
      <Filter>Game Source</Filter>
    </ClCompile>
    <ClCompile Include="sound.cpp">
      <Filter>Game Source</Filter>
    </ClCompile>
    <ClCompile Include="texture.cpp">
      <Filter>Game Source</Filter>
    </ClCompile>
    <ClCompile Include="ui.cpp">
      <Filter>Game Source</Filter>
    </ClCompile>
    <ClCompile Include="ego_wrap.cpp">
      <Filter>lua_interface</Filter>
    </ClCompile>
    <ClCompile Include="egoboo_console.c">
      <Filter>lua_interface</Filter>
    </ClCompile>
    <ClCompile Include="lua_console.c">
      <Filter>lua_interface</Filter>
    </ClCompile>
    <ClCompile Include="extensions\SDL_extensions.c">
      <Filter>SDL extensions</Filter>
    </ClCompile>
    <ClCompile Include="extensions\SDL_GL_extensions.c">
      <Filter>SDL extensions</Filter>
    </ClCompile>
    <ClCompile Include="extensions\ogl_debug.c">
      <Filter>OpenGL extensions</Filter>
    </ClCompile>
    <ClCompile Include="extensions\ogl_extensions.c">
      <Filter>OpenGL extensions</Filter>
    </ClCompile>
    <ClCompile Include="extensions\ogl_include.c">
      <Filter>OpenGL extensions</Filter>
    </ClCompile>
    <ClCompile Include="extensions\ogl_texture.c">
      <Filter>OpenGL extensions</Filter>
    </ClCompile>
    <ClCompile Include="egoboo_vfs.c">
      <Filter>File System</Filter>
    </ClCompile>
    <ClCompile Include="file_common.c">
      <Filter>File System</Filter>
    </ClCompile>
    <ClCompile Include="file_formats\id_md2.c">
      <Filter>file formats\tris.md2</Filter>
    </ClCompile>
    <ClCompile Include="file_formats\mpd_file.c">
      <Filter>file formats\level.mpd</Filter>
    </ClCompile>
    <ClCompile Include="file_formats\module_file.c">
      <Filter>file formats\menu.txt</Filter>
    </ClCompile>
    <ClCompile Include="file_formats\cap_file.c">
      <Filter>file formats\data.txt</Filter>
    </ClCompile>
    <ClCompile Include="file_formats\eve_file.c">
      <Filter>file formats\enchant.txt</Filter>
    </ClCompile>
    <ClCompile Include="file_formats\pip_file.c">
      <Filter>file formats\partX.txt</Filter>
    </ClCompile>
    <ClCompile Include="file_formats\passage_file.c">
      <Filter>file formats\passage.txt</Filter>
    </ClCompile>
    <ClCompile Include="file_formats\controls_file.c">
      <Filter>file formats\controls.txt</Filter>
    </ClCompile>
    <ClCompile Include="quest.cpp">
      <Filter>file formats\quest.txt</Filter>
    </ClCompile>
    <ClCompile Include="file_formats\template.c">
      <Filter>file formats\template</Filter>
    </ClCompile>
    <ClCompile Include="file_formats\configfile.c">
      <Filter>file formats\settings.txt</Filter>
    </ClCompile>
    <ClCompile Include="file_formats\wawalite_file.c">
      <Filter>file formats\wawalite.txt</Filter>
    </ClCompile>
    <ClCompile Include="file_formats\spawn_file.c">
      <Filter>file formats\spawn.txt</Filter>
    </ClCompile>
    <ClCompile Include="file_formats\scancode_file.c">
      <Filter>file formats\scancodes.txt</Filter>
    </ClCompile>
    <ClCompile Include="script.cpp">
      <Filter>scripting system</Filter>
    </ClCompile>
    <ClCompile Include="script_compile.cpp">
      <Filter>scripting system</Filter>
    </ClCompile>
    <ClCompile Include="script_functions.cpp">
      <Filter>scripting system</Filter>
    </ClCompile>
    <ClCompile Include="MainLoop.cpp">
      <Filter>Inspirational</Filter>
    </ClCompile>
    <ClCompile Include="Task.cpp">
      <Filter>Inspirational</Filter>
    </ClCompile>
    <ClCompile Include="Ticker.cpp">
      <Filter>Inspirational</Filter>
    </ClCompile>
    <ClCompile Include="Timer.cpp">
      <Filter>Inspirational</Filter>
    </ClCompile>
    <ClCompile Include="platform\file_linux.c">
      <Filter>Platform Dependent</Filter>
    </ClCompile>
    <ClCompile Include="platform\file_win.c">
      <Filter>Platform Dependent</Filter>
    </ClCompile>
    <ClCompile Include="platform\sys_linux.c">
      <Filter>Platform Dependent</Filter>
    </ClCompile>
    <ClCompile Include="platform\sys_mac.c">
      <Filter>Platform Dependent</Filter>
    </ClCompile>
    <ClCompile Include="platform\sys_win32.c">
      <Filter>Platform Dependent</Filter>
    </ClCompile>
    <ClCompile Include="Fluid_Studios_Memory_Manager\mmgr.cpp">
      <Filter>mmgr</Filter>
    </ClCompile>
    <ClCompile Include="file_formats\treasure_table_file.c">
      <Filter>file formats\randomtreasure.txt</Filter>
    </ClCompile>
  </ItemGroup>
  <ItemGroup>
    <None Include="char.inl">
      <Filter>Game Inline</Filter>
    </None>
    <None Include="enchant.inl">
      <Filter>Game Inline</Filter>
    </None>
    <None Include="Md2.inl">
      <Filter>Game Inline</Filter>
    </None>
    <None Include="mesh.inl">
      <Filter>Game Inline</Filter>
    </None>
    <None Include="particle.inl">
      <Filter>Game Inline</Filter>
    </None>
    <None Include="physics.inl">
      <Filter>Game Inline</Filter>
    </None>
    <None Include="profile.inl">
      <Filter>Game Inline</Filter>
    </None>
    <None Include="ego.i">
      <Filter>lua_interface</Filter>
    </None>
    <None Include="egoboo_console.inl">
      <Filter>lua_interface</Filter>
    </None>
    <None Include="file_formats\id_normals.inl">
      <Filter>file formats\tris.md2</Filter>
    </None>
    <None Include="..\res\egoboo.ico">
      <Filter>Resource Files</Filter>
    </None>
    <None Include="..\res\egoboo3.ico">
      <Filter>Resource Files</Filter>
    </None>
    <None Include="..\res\old-egoboo.ico">
      <Filter>Resource Files</Filter>
    </None>
    <None Include="egoboo_math.inl">
      <Filter>Core Inline</Filter>
    </None>
    <None Include="..\basicdat\actions.txt">
      <Filter>basicdat init files</Filter>
    </None>
    <None Include="..\basicdat\aicodes.txt">
      <Filter>basicdat init files</Filter>
    </None>
    <None Include="..\basicdat\fans.txt">
      <Filter>basicdat init files</Filter>
    </None>
    <None Include="..\basicdat\link.txt">
      <Filter>basicdat init files</Filter>
    </None>
    <None Include="..\basicdat\scancode.txt">
      <Filter>basicdat init files</Filter>
    </None>
    <None Include="..\basicdat\script.txt">
      <Filter>basicdat init files</Filter>
    </None>
    <None Include="egoboo_object_list.inl">
      <Filter>Game Inline</Filter>
    </None>
    <None Include="egoboo_object.inl">
      <Filter>Game Inline</Filter>
    </None>
    <None Include="egoboo_typedef_cpp.inl">
      <Filter>Core Inline</Filter>
    </None>
  </ItemGroup>
  <ItemGroup>
    <ClInclude Include="bbox.h">
      <Filter>Core Headers</Filter>
    </ClInclude>
    <ClInclude Include="bsp.h">
      <Filter>Core Headers</Filter>
    </ClInclude>
    <ClInclude Include="clock.h">
      <Filter>Core Headers</Filter>
    </ClInclude>
    <ClInclude Include="egoboo_config.h">
      <Filter>Core Headers</Filter>
    </ClInclude>
    <ClInclude Include="egoboo_display_list.h">
      <Filter>Core Headers</Filter>
    </ClInclude>
    <ClInclude Include="egoboo_endian.h">
      <Filter>Core Headers</Filter>
    </ClInclude>
    <ClInclude Include="egoboo_fileutil.h">
      <Filter>Core Headers</Filter>
    </ClInclude>
    <ClInclude Include="egoboo_math.h">
      <Filter>Core Headers</Filter>
    </ClInclude>
    <ClInclude Include="egoboo_mem.h">
      <Filter>Core Headers</Filter>
    </ClInclude>
    <ClInclude Include="egoboo_object.h">
      <Filter>Core Headers</Filter>
    </ClInclude>
    <ClInclude Include="egoboo_platform.h">
      <Filter>Core Headers</Filter>
    </ClInclude>
    <ClInclude Include="egoboo_process.h">
      <Filter>Core Headers</Filter>
    </ClInclude>
    <ClInclude Include="egoboo_setup.h">
      <Filter>Core Headers</Filter>
    </ClInclude>
    <ClInclude Include="egoboo_state_machine.h">
      <Filter>Core Headers</Filter>
    </ClInclude>
    <ClInclude Include="egoboo_strutil.h">
      <Filter>Core Headers</Filter>
    </ClInclude>
    <ClInclude Include="egoboo_typedef.h">
      <Filter>Core Headers</Filter>
    </ClInclude>
    <ClInclude Include="egoboo_typedef_cpp.h">
      <Filter>Core Headers</Filter>
    </ClInclude>
    <ClInclude Include="font_bmp.h">
      <Filter>Core Headers</Filter>
    </ClInclude>
    <ClInclude Include="font_ttf.h">
      <Filter>Core Headers</Filter>
    </ClInclude>
    <ClInclude Include="hash.h">
      <Filter>Core Headers</Filter>
    </ClInclude>
    <ClInclude Include="input.h">
      <Filter>Core Headers</Filter>
    </ClInclude>
    <ClInclude Include="input_defs.h">
      <Filter>Core Headers</Filter>
    </ClInclude>
    <ClInclude Include="log.h">
      <Filter>Core Headers</Filter>
    </ClInclude>
    <ClInclude Include="System.h">
      <Filter>Core Headers</Filter>
    </ClInclude>
    <ClInclude Include="camera.h">
      <Filter>Game Headers</Filter>
    </ClInclude>
    <ClInclude Include="char.h">
      <Filter>Game Headers</Filter>
    </ClInclude>
    <ClInclude Include="character_defs.h">
      <Filter>Game Headers</Filter>
    </ClInclude>
    <ClInclude Include="ChrList.h">
      <Filter>Game Headers</Filter>
    </ClInclude>
    <ClInclude Include="client.h">
      <Filter>Game Headers</Filter>
    </ClInclude>
    <ClInclude Include="collision.h">
      <Filter>Game Headers</Filter>
    </ClInclude>
    <ClInclude Include="egoboo.h">
      <Filter>Game Headers</Filter>
    </ClInclude>
    <ClInclude Include="egoboo_object_list.h">
      <Filter>Game Headers</Filter>
    </ClInclude>
    <ClInclude Include="egoboo_rpc.h">
      <Filter>Game Headers</Filter>
    </ClInclude>
    <ClInclude Include="enchant.h">
      <Filter>Game Headers</Filter>
    </ClInclude>
    <ClInclude Include="EncList.h">
      <Filter>Game Headers</Filter>
    </ClInclude>
    <ClInclude Include="game.h">
      <Filter>Game Headers</Filter>
    </ClInclude>
    <ClInclude Include="graphic.h">
      <Filter>Game Headers</Filter>
    </ClInclude>
    <ClInclude Include="graphic_defs.h">
      <Filter>Game Headers</Filter>
    </ClInclude>
    <ClInclude Include="graphic_fan.h">
      <Filter>Game Headers</Filter>
    </ClInclude>
    <ClInclude Include="graphic_mad.h">
      <Filter>Game Headers</Filter>
    </ClInclude>
    <ClInclude Include="graphic_prt.h">
      <Filter>Game Headers</Filter>
    </ClInclude>
    <ClInclude Include="IDSZ_map.h">
      <Filter>Game Headers</Filter>
    </ClInclude>
    <ClInclude Include="lighting.h">
      <Filter>Game Headers</Filter>
    </ClInclude>
    <ClInclude Include="link.h">
      <Filter>Game Headers</Filter>
    </ClInclude>
    <ClInclude Include="mad.h">
      <Filter>Game Headers</Filter>
    </ClInclude>
    <ClInclude Include="mad_defs.h">
      <Filter>Game Headers</Filter>
    </ClInclude>
    <ClInclude Include="Md2.h">
      <Filter>Game Headers</Filter>
    </ClInclude>
    <ClInclude Include="menu.h">
      <Filter>Game Headers</Filter>
    </ClInclude>
    <ClInclude Include="mesh.h">
      <Filter>Game Headers</Filter>
    </ClInclude>
    <ClInclude Include="mesh_BSP.h">
      <Filter>Game Headers</Filter>
    </ClInclude>
    <ClInclude Include="network.h">
      <Filter>Game Headers</Filter>
    </ClInclude>
    <ClInclude Include="object_BSP.h">
      <Filter>Game Headers</Filter>
    </ClInclude>
    <ClInclude Include="particle.h">
      <Filter>Game Headers</Filter>
    </ClInclude>
    <ClInclude Include="passage.h">
      <Filter>Game Headers</Filter>
    </ClInclude>
    <ClInclude Include="physics.h">
      <Filter>Game Headers</Filter>
    </ClInclude>
    <ClInclude Include="profile.h">
      <Filter>Game Headers</Filter>
    </ClInclude>
    <ClInclude Include="PrtList.h">
      <Filter>Game Headers</Filter>
    </ClInclude>
    <ClInclude Include="server.h">
      <Filter>Game Headers</Filter>
    </ClInclude>
    <ClInclude Include="sound.h">
      <Filter>Game Headers</Filter>
    </ClInclude>
    <ClInclude Include="sound_defs.h">
      <Filter>Game Headers</Filter>
    </ClInclude>
    <ClInclude Include="texture.h">
      <Filter>Game Headers</Filter>
    </ClInclude>
    <ClInclude Include="ui.h">
      <Filter>Game Headers</Filter>
    </ClInclude>
    <ClInclude Include="egoboo_console.h">
      <Filter>lua_interface</Filter>
    </ClInclude>
    <ClInclude Include="lua_console.h">
      <Filter>lua_interface</Filter>
    </ClInclude>
    <ClInclude Include="extensions\SDL_extensions.h">
      <Filter>SDL extensions</Filter>
    </ClInclude>
    <ClInclude Include="extensions\SDL_GL_extensions.h">
      <Filter>SDL extensions</Filter>
    </ClInclude>
    <ClInclude Include="extensions\ogl_debug.h">
      <Filter>OpenGL extensions</Filter>
    </ClInclude>
    <ClInclude Include="extensions\ogl_extensions.h">
      <Filter>OpenGL extensions</Filter>
    </ClInclude>
    <ClInclude Include="extensions\ogl_include.h">
      <Filter>OpenGL extensions</Filter>
    </ClInclude>
    <ClInclude Include="extensions\ogl_texture.h">
      <Filter>OpenGL extensions</Filter>
    </ClInclude>
    <ClInclude Include="egoboo_vfs.h">
      <Filter>File System</Filter>
    </ClInclude>
    <ClInclude Include="file_common.h">
      <Filter>File System</Filter>
    </ClInclude>
    <ClInclude Include="file_formats\id_md2.h">
      <Filter>file formats\tris.md2</Filter>
    </ClInclude>
    <ClInclude Include="file_formats\mpd_file.h">
      <Filter>file formats\level.mpd</Filter>
    </ClInclude>
    <ClInclude Include="file_formats\module_file.h">
      <Filter>file formats\menu.txt</Filter>
    </ClInclude>
    <ClInclude Include="file_formats\cap_file.h">
      <Filter>file formats\data.txt</Filter>
    </ClInclude>
    <ClInclude Include="file_formats\eve_file.h">
      <Filter>file formats\enchant.txt</Filter>
    </ClInclude>
    <ClInclude Include="file_formats\pip_file.h">
      <Filter>file formats\partX.txt</Filter>
    </ClInclude>
    <ClInclude Include="file_formats\passage_file.h">
      <Filter>file formats\passage.txt</Filter>
    </ClInclude>
    <ClInclude Include="file_formats\controls_file.h">
      <Filter>file formats\controls.txt</Filter>
    </ClInclude>
    <ClInclude Include="quest.h">
      <Filter>file formats\quest.txt</Filter>
    </ClInclude>
    <ClInclude Include="file_formats\template.h">
      <Filter>file formats\template</Filter>
    </ClInclude>
    <ClInclude Include="file_formats\configfile.h">
      <Filter>file formats\settings.txt</Filter>
    </ClInclude>
    <ClInclude Include="file_formats\wawalite_file.h">
      <Filter>file formats\wawalite.txt</Filter>
    </ClInclude>
    <ClInclude Include="file_formats\spawn_file.h">
      <Filter>file formats\spawn.txt</Filter>
    </ClInclude>
    <ClInclude Include="file_formats\scancode_file.h">
      <Filter>file formats\scancodes.txt</Filter>
    </ClInclude>
    <ClInclude Include="script.h">
      <Filter>scripting system</Filter>
    </ClInclude>
    <ClInclude Include="script_compile.h">
      <Filter>scripting system</Filter>
    </ClInclude>
    <ClInclude Include="script_functions.h">
      <Filter>scripting system</Filter>
    </ClInclude>
    <ClInclude Include="egoboo_doxygen.h">
      <Filter>doxygen</Filter>
    </ClInclude>
    <ClInclude Include="Fluid_Studios_Memory_Manager\mmgr.h">
      <Filter>mmgr</Filter>
    </ClInclude>
    <ClInclude Include="Fluid_Studios_Memory_Manager\nommgr.h">
      <Filter>mmgr</Filter>
    </ClInclude>
    <ClInclude Include="egoboo_defs.h">
      <Filter>Core Headers</Filter>
    </ClInclude>
    <ClInclude Include="file_formats\treasure_table_file.h">
      <Filter>file formats\randomtreasure.txt</Filter>
    </ClInclude>
  </ItemGroup>
  <ItemGroup>
    <ResourceCompile Include="..\res\egoboo.rc">
      <Filter>Resource Files</Filter>
    </ResourceCompile>
  </ItemGroup>
  <ItemGroup>
    <CustomBuildStep Include="Task.h">
      <Filter>Inspirational</Filter>
    </CustomBuildStep>
    <CustomBuildStep Include="Ticker.h">
      <Filter>Inspirational</Filter>
    </CustomBuildStep>
    <CustomBuildStep Include="Timer.h">
      <Filter>Inspirational</Filter>
    </CustomBuildStep>
  </ItemGroup>
</Project>