<?xml version="1.0" encoding="UTF-8" standalone="yes" ?>
<CodeBlocks_project_file>
	<FileVersion major="1" minor="6" />
	<Project>
		<Option title="enet" />
		<Option pch_mode="2" />
		<Option compiler="gcc" />
		<Build>
			<Target title="Debug Win32">
				<Option platforms="Windows;" />
				<Option output="Debug/libenet" prefix_auto="1" extension_auto="1" />
				<Option working_dir="" />
				<Option object_output="Debug" />
				<Option type="2" />
				<Option compiler="gcc" />
				<Option createDefFile="1" />
				<Compiler>
					<Add option="-Wall" />
					<Add option="-g" />
					<Add option="-O0" />
					<Add option="-DWIN32" />
					<Add option="-D_DEBUG" />
					<Add option="-D_LIB" />
					<Add option="-D_CRT_SECURE_NO_DEPRECATE" />
					<Add directory="../enet/include" />
				</Compiler>
				<ResourceCompiler>
					<Add directory="/home/benjamin/SVN/sf_egoboo/trunk/enet/include" />
				</ResourceCompiler>
				<Linker>
					<Add option="-s" />
				</Linker>
			</Target>
			<Target title="Release Win32">
				<Option platforms="Windows;" />
				<Option output="Release/libenet" prefix_auto="1" extension_auto="1" />
				<Option working_dir="" />
				<Option object_output="Release" />
				<Option type="2" />
				<Option compiler="gcc" />
				<Option createDefFile="1" />
				<Compiler>
					<Add option="-fexpensive-optimizations" />
					<Add option="-O3" />
					<Add option="-pedantic" />
					<Add option="-W" />
					<Add option="-Wall" />
					<Add option="-DWIN32" />
					<Add option="-DNDEBUG" />
					<Add option="-D_LIB" />
					<Add option="-D_CRT_SECURE_NO_DEPRECATE" />
					<Add directory="../enet/include" />
				</Compiler>
				<ResourceCompiler>
					<Add directory="/home/benjamin/SVN/sf_egoboo/trunk/enet/include" />
				</ResourceCompiler>
			</Target>
			<Target title="Debug Blah-nix">
				<Option platforms="Unix;" />
				<Option output="Debug/libenet" prefix_auto="1" extension_auto="1" />
				<Option working_dir="" />
				<Option object_output="Debug" />
				<Option type="2" />
				<Option compiler="gcc" />
				<Option createDefFile="1" />
				<Compiler>
					<Add option="-Wall" />
					<Add option="-g" />
					<Add option="-O0" />
					<Add option="-D_DEBUG" />
					<Add option="-D_LIB" />
					<Add directory="../enet/include" />
				</Compiler>
				<ResourceCompiler>
					<Add directory="/home/benjamin/SVN/sf_egoboo/trunk/enet/include" />
				</ResourceCompiler>
				<Linker>
					<Add option="-s" />
				</Linker>
			</Target>
			<Target title="Release Blah-nix">
				<Option platforms="Unix;" />
				<Option output="Release/libenet" prefix_auto="1" extension_auto="1" />
				<Option working_dir="" />
				<Option object_output="Release" />
				<Option type="2" />
				<Option compiler="gcc" />
				<Option createDefFile="1" />
				<Compiler>
					<Add option="-fexpensive-optimizations" />
					<Add option="-O3" />
					<Add option="-pedantic" />
					<Add option="-W" />
					<Add option="-Wall" />
					<Add option="-DNDEBUG" />
					<Add option="-D_LIB" />
					<Add directory="../enet/include" />
				</Compiler>
				<ResourceCompiler>
					<Add directory="/home/benjamin/SVN/sf_egoboo/trunk/enet/include" />
				</ResourceCompiler>
			</Target>
			<Target title="Debug OsX">
				<Option platforms="Mac;" />
				<Option output="Debug/libenet" prefix_auto="1" extension_auto="1" />
				<Option working_dir="" />
				<Option object_output="Debug" />
				<Option type="2" />
				<Option compiler="gcc" />
				<Option createDefFile="1" />
				<Compiler>
					<Add option="-Wall" />
					<Add option="-g" />
					<Add option="-O0" />
					<Add option="-D_DEBUG" />
					<Add option="-D_LIB" />
					<Add directory="../enet/include" />
				</Compiler>
				<ResourceCompiler>
					<Add directory="/home/benjamin/SVN/sf_egoboo/trunk/enet/include" />
				</ResourceCompiler>
				<Linker>
					<Add option="-s" />
				</Linker>
			</Target>
			<Target title="Release OsX">
				<Option platforms="Mac;" />
				<Option output="Release/libenet" prefix_auto="1" extension_auto="1" />
				<Option working_dir="" />
				<Option object_output="Release" />
				<Option type="2" />
				<Option compiler="gcc" />
				<Option createDefFile="1" />
				<Compiler>
					<Add option="-fexpensive-optimizations" />
					<Add option="-O3" />
					<Add option="-pedantic" />
					<Add option="-W" />
					<Add option="-Wall" />
					<Add option="-DNDEBUG" />
					<Add option="-D_LIB" />
					<Add directory="../enet/include" />
				</Compiler>
				<ResourceCompiler>
					<Add directory="/home/benjamin/SVN/sf_egoboo/trunk/enet/include" />
				</ResourceCompiler>
			</Target>
		</Build>
		<Unit filename="callbacks.c">
			<Option compilerVar="CC" />
		</Unit>
		<Unit filename="host.c">
			<Option compilerVar="CC" />
		</Unit>
		<Unit filename="include/enet/callbacks.h" />
		<Unit filename="include/enet/enet.h" />
		<Unit filename="include/enet/list.h" />
		<Unit filename="include/enet/memory.h" />
		<Unit filename="include/enet/protocol.h" />
		<Unit filename="include/enet/time.h" />
		<Unit filename="include/enet/types.h" />
		<Unit filename="include/enet/unix.h" />
		<Unit filename="include/enet/utility.h" />
		<Unit filename="include/enet/win32.h" />
		<Unit filename="list.c">
			<Option compilerVar="CC" />
		</Unit>
		<Unit filename="packet.c">
			<Option compilerVar="CC" />
		</Unit>
		<Unit filename="peer.c">
			<Option compilerVar="CC" />
		</Unit>
		<Unit filename="protocol.c">
			<Option compilerVar="CC" />
		</Unit>
		<Unit filename="unix.c">
			<Option compilerVar="CC" />
			<Option target="&lt;{~None~}&gt;" />
		</Unit>
		<Unit filename="win32.c">
			<Option compilerVar="CC" />
			<Option compile="0" />
			<Option link="0" />
		</Unit>
		<Extensions>
			<code_completion />
			<envvars />
			<debugger />
			<lib_finder disable_auto="1" />
		</Extensions>
	</Project>
</CodeBlocks_project_file>
